
Microsoft Visual Studio Solution File, Format Version 12.00
# Visual Studio Version 17
VisualStudioVersion = 17.0.32112.339
MinimumVisualStudioVersion = 10.0.40219.1
Project("{2150E333-8FDC-42A3-9474-1A3956D46DE8}") = "Certificate", "Certificate", "{9F8AFB4F-06AF-4641-9B8F-1C35CA8B3571}"
EndProject
Project("{2150E333-8FDC-42A3-9474-1A3956D46DE8}") = "Configuration", "Configuration", "{A4311FFB-389C-466C-8122-6A570548FA0F}"
EndProject
Project("{2150E333-8FDC-42A3-9474-1A3956D46DE8}") = "Encryption", "Encryption", "{985ADD48-1DD5-4CBA-AE6D-73EE86290A87}"
EndProject
Project("{2150E333-8FDC-42A3-9474-1A3956D46DE8}") = "Metadata", "Metadata", "{FB110BF9-E71D-4A7C-9237-A20C4E585E88}"
EndProject
Project("{2150E333-8FDC-42A3-9474-1A3956D46DE8}") = "Signature", "Signature", "{27BE7248-D935-408F-B820-16C85CE03A4C}"
EndProject
Project("{2150E333-8FDC-42A3-9474-1A3956D46DE8}") = "SSO", "SSO", "{1E7DF3F0-9399-4248-92F8-2C76B766F8D6}"
EndProject
Project("{9A19103F-16F7-4668-BE54-9A1E7A4F7556}") = "CreateSelfSignedCert", "Certificate\CreateSelfSignedCert\CreateSelfSignedCert.csproj", "{354D0494-4FB5-42C8-8359-C74793323C79}"
EndProject
Project("{9A19103F-16F7-4668-BE54-9A1E7A4F7556}") = "ValidateCert", "Certificate\ValidateCert\ValidateCert.csproj", "{A99244A7-307C-47E6-8950-A546A1CA0F95}"
EndProject
Project("{9A19103F-16F7-4668-BE54-9A1E7A4F7556}") = "CreateConfiguration", "Configuration\CreateConfiguration\CreateConfiguration.csproj", "{5C034F37-AEA5-48B4-ABF3-C7E4BDD447FB}"
EndProject
Project("{9A19103F-16F7-4668-BE54-9A1E7A4F7556}") = "Decrypt", "Encryption\Decrypt\Decrypt.csproj", "{C56C9ABB-37D3-474D-A3C5-C69E1B97BB59}"
EndProject
Project("{9A19103F-16F7-4668-BE54-9A1E7A4F7556}") = "Encrypt", "Encryption\Encrypt\Encrypt.csproj", "{3006C3B0-F4AC-4D12-8960-E9055702D2AC}"
EndProject
Project("{9A19103F-16F7-4668-BE54-9A1E7A4F7556}") = "CheckForMetadataUpdates", "Metadata\CheckForMetadataUpdates\CheckForMetadataUpdates.csproj", "{D84F18C2-2AF3-458D-B2CD-A3749104F7B0}"
EndProject
Project("{9A19103F-16F7-4668-BE54-9A1E7A4F7556}") = "CreateMetadata", "Metadata\CreateMetadata\CreateMetadata.csproj", "{54948664-2FC3-44F5-91D3-17E74969F23B}"
EndProject
Project("{9A19103F-16F7-4668-BE54-9A1E7A4F7556}") = "ExportMetadata", "Metadata\ExportMetadata\ExportMetadata.csproj", "{B5488957-E5A6-442F-99DD-951B7EDD6EB8}"
EndProject
Project("{9A19103F-16F7-4668-BE54-9A1E7A4F7556}") = "ImportMetadata", "Metadata\ImportMetadata\ImportMetadata.csproj", "{AD7C3630-D92E-4886-8FD2-353043FB8EEA}"
EndProject
Project("{9A19103F-16F7-4668-BE54-9A1E7A4F7556}") = "GenerateSignature", "Signature\GenerateSignature\GenerateSignature.csproj", "{CBBDD11E-90D0-49BE-A1BD-346AF78909D0}"
EndProject
Project("{9A19103F-16F7-4668-BE54-9A1E7A4F7556}") = "VerifySignature", "Signature\VerifySignature\VerifySignature.csproj", "{5495086B-F654-469B-97D3-DC5848D37768}"
EndProject
Project("{9A19103F-16F7-4668-BE54-9A1E7A4F7556}") = "ExampleIdentityProvider", "SSO\ExampleIdentityProvider\ExampleIdentityProvider.csproj", "{E846387C-490D-4AB5-8AFA-0B877BF0D607}"
EndProject
Project("{9A19103F-16F7-4668-BE54-9A1E7A4F7556}") = "ExampleServiceProvider", "SSO\ExampleServiceProvider\ExampleServiceProvider.csproj", "{1FE6824F-723D-45D1-B8F5-A1064EA5A7A1}"
EndProject
Project("{9A19103F-16F7-4668-BE54-9A1E7A4F7556}") = "ExampleWebApi", "SSO\ExampleWebApi\ExampleWebApi.csproj", "{234DE802-7A34-416C-9E7F-98969B3ABFE8}"
EndProject
Project("{9A19103F-16F7-4668-BE54-9A1E7A4F7556}") = "MiddlewareIdentityProvider", "SSO\MiddlewareIdentityProvider\MiddlewareIdentityProvider.csproj", "{D074C9D1-CF4F-478E-856D-4F5B5F791494}"
EndProject
Project("{9A19103F-16F7-4668-BE54-9A1E7A4F7556}") = "MiddlewareServiceProvider", "SSO\MiddlewareServiceProvider\MiddlewareServiceProvider.csproj", "{E877B46B-D8CF-4082-B881-771BCA7C80E6}"
EndProject
Project("{9A19103F-16F7-4668-BE54-9A1E7A4F7556}") = "SamlProxy", "SSO\SamlProxy\SamlProxy.csproj", "{77E103B6-577A-4CCD-81CB-786E02C2B681}"
EndProject
Project("{D954291E-2A0B-460D-934E-DC6B0785DB48}") = "Shared", "SSO\Shared\Shared.shproj", "{D5B39245-DD98-496B-A6E5-761ED33EF694}"
EndProject
Global
	GlobalSection(SharedMSBuildProjectFiles) = preSolution
		SSO\Shared\Shared.projitems*{1fe6824f-723d-45d1-b8f5-a1064ea5a7a1}*SharedItemsImports = 5
		SSO\Shared\Shared.projitems*{234de802-7a34-416c-9e7f-98969b3abfe8}*SharedItemsImports = 5
		SSO\Shared\Shared.projitems*{77e103b6-577a-4ccd-81cb-786e02c2b681}*SharedItemsImports = 5
		SSO\Shared\Shared.projitems*{d074c9d1-cf4f-478e-856d-4f5b5f791494}*SharedItemsImports = 5
		SSO\Shared\Shared.projitems*{d5b39245-dd98-496b-a6e5-761ed33ef694}*SharedItemsImports = 13
		SSO\Shared\Shared.projitems*{e846387c-490d-4ab5-8afa-0b877bf0d607}*SharedItemsImports = 5
		SSO\Shared\Shared.projitems*{e877b46b-d8cf-4082-b881-771bca7c80e6}*SharedItemsImports = 5
	EndGlobalSection
	GlobalSection(SolutionConfigurationPlatforms) = preSolution
		Debug|Any CPU = Debug|Any CPU
		Release|Any CPU = Release|Any CPU
	EndGlobalSection
	GlobalSection(ProjectConfigurationPlatforms) = postSolution
		{354D0494-4FB5-42C8-8359-C74793323C79}.Debug|Any CPU.ActiveCfg = Debug|Any CPU
		{354D0494-4FB5-42C8-8359-C74793323C79}.Debug|Any CPU.Build.0 = Debug|Any CPU
		{354D0494-4FB5-42C8-8359-C74793323C79}.Release|Any CPU.ActiveCfg = Release|Any CPU
		{354D0494-4FB5-42C8-8359-C74793323C79}.Release|Any CPU.Build.0 = Release|Any CPU
		{A99244A7-307C-47E6-8950-A546A1CA0F95}.Debug|Any CPU.ActiveCfg = Debug|Any CPU
		{A99244A7-307C-47E6-8950-A546A1CA0F95}.Debug|Any CPU.Build.0 = Debug|Any CPU
		{A99244A7-307C-47E6-8950-A546A1CA0F95}.Release|Any CPU.ActiveCfg = Release|Any CPU
		{A99244A7-307C-47E6-8950-A546A1CA0F95}.Release|Any CPU.Build.0 = Release|Any CPU
		{5C034F37-AEA5-48B4-ABF3-C7E4BDD447FB}.Debug|Any CPU.ActiveCfg = Debug|Any CPU
		{5C034F37-AEA5-48B4-ABF3-C7E4BDD447FB}.Debug|Any CPU.Build.0 = Debug|Any CPU
		{5C034F37-AEA5-48B4-ABF3-C7E4BDD447FB}.Release|Any CPU.ActiveCfg = Release|Any CPU
		{5C034F37-AEA5-48B4-ABF3-C7E4BDD447FB}.Release|Any CPU.Build.0 = Release|Any CPU
		{C56C9ABB-37D3-474D-A3C5-C69E1B97BB59}.Debug|Any CPU.ActiveCfg = Debug|Any CPU
		{C56C9ABB-37D3-474D-A3C5-C69E1B97BB59}.Debug|Any CPU.Build.0 = Debug|Any CPU
		{C56C9ABB-37D3-474D-A3C5-C69E1B97BB59}.Release|Any CPU.ActiveCfg = Release|Any CPU
		{C56C9ABB-37D3-474D-A3C5-C69E1B97BB59}.Release|Any CPU.Build.0 = Release|Any CPU
		{3006C3B0-F4AC-4D12-8960-E9055702D2AC}.Debug|Any CPU.ActiveCfg = Debug|Any CPU
		{3006C3B0-F4AC-4D12-8960-E9055702D2AC}.Debug|Any CPU.Build.0 = Debug|Any CPU
		{3006C3B0-F4AC-4D12-8960-E9055702D2AC}.Release|Any CPU.ActiveCfg = Release|Any CPU
		{3006C3B0-F4AC-4D12-8960-E9055702D2AC}.Release|Any CPU.Build.0 = Release|Any CPU
		{D84F18C2-2AF3-458D-B2CD-A3749104F7B0}.Debug|Any CPU.ActiveCfg = Debug|Any CPU
		{D84F18C2-2AF3-458D-B2CD-A3749104F7B0}.Debug|Any CPU.Build.0 = Debug|Any CPU
		{D84F18C2-2AF3-458D-B2CD-A3749104F7B0}.Release|Any CPU.ActiveCfg = Release|Any CPU
		{D84F18C2-2AF3-458D-B2CD-A3749104F7B0}.Release|Any CPU.Build.0 = Release|Any CPU
		{54948664-2FC3-44F5-91D3-17E74969F23B}.Debug|Any CPU.ActiveCfg = Debug|Any CPU
		{54948664-2FC3-44F5-91D3-17E74969F23B}.Debug|Any CPU.Build.0 = Debug|Any CPU
		{54948664-2FC3-44F5-91D3-17E74969F23B}.Release|Any CPU.ActiveCfg = Release|Any CPU
		{54948664-2FC3-44F5-91D3-17E74969F23B}.Release|Any CPU.Build.0 = Release|Any CPU
		{B5488957-E5A6-442F-99DD-951B7EDD6EB8}.Debug|Any CPU.ActiveCfg = Debug|Any CPU
		{B5488957-E5A6-442F-99DD-951B7EDD6EB8}.Debug|Any CPU.Build.0 = Debug|Any CPU
		{B5488957-E5A6-442F-99DD-951B7EDD6EB8}.Release|Any CPU.ActiveCfg = Release|Any CPU
		{B5488957-E5A6-442F-99DD-951B7EDD6EB8}.Release|Any CPU.Build.0 = Release|Any CPU
		{AD7C3630-D92E-4886-8FD2-353043FB8EEA}.Debug|Any CPU.ActiveCfg = Debug|Any CPU
		{AD7C3630-D92E-4886-8FD2-353043FB8EEA}.Debug|Any CPU.Build.0 = Debug|Any CPU
		{AD7C3630-D92E-4886-8FD2-353043FB8EEA}.Release|Any CPU.ActiveCfg = Release|Any CPU
		{AD7C3630-D92E-4886-8FD2-353043FB8EEA}.Release|Any CPU.Build.0 = Release|Any CPU
		{CBBDD11E-90D0-49BE-A1BD-346AF78909D0}.Debug|Any CPU.ActiveCfg = Debug|Any CPU
		{CBBDD11E-90D0-49BE-A1BD-346AF78909D0}.Debug|Any CPU.Build.0 = Debug|Any CPU
		{CBBDD11E-90D0-49BE-A1BD-346AF78909D0}.Release|Any CPU.ActiveCfg = Release|Any CPU
		{CBBDD11E-90D0-49BE-A1BD-346AF78909D0}.Release|Any CPU.Build.0 = Release|Any CPU
		{5495086B-F654-469B-97D3-DC5848D37768}.Debug|Any CPU.ActiveCfg = Debug|Any CPU
		{5495086B-F654-469B-97D3-DC5848D37768}.Debug|Any CPU.Build.0 = Debug|Any CPU
		{5495086B-F654-469B-97D3-DC5848D37768}.Release|Any CPU.ActiveCfg = Release|Any CPU
		{5495086B-F654-469B-97D3-DC5848D37768}.Release|Any CPU.Build.0 = Release|Any CPU
		{E846387C-490D-4AB5-8AFA-0B877BF0D607}.Debug|Any CPU.ActiveCfg = Debug|Any CPU
		{E846387C-490D-4AB5-8AFA-0B877BF0D607}.Debug|Any CPU.Build.0 = Debug|Any CPU
		{E846387C-490D-4AB5-8AFA-0B877BF0D607}.Release|Any CPU.ActiveCfg = Release|Any CPU
		{E846387C-490D-4AB5-8AFA-0B877BF0D607}.Release|Any CPU.Build.0 = Release|Any CPU
		{1FE6824F-723D-45D1-B8F5-A1064EA5A7A1}.Debug|Any CPU.ActiveCfg = Debug|Any CPU
		{1FE6824F-723D-45D1-B8F5-A1064EA5A7A1}.Debug|Any CPU.Build.0 = Debug|Any CPU
		{1FE6824F-723D-45D1-B8F5-A1064EA5A7A1}.Release|Any CPU.ActiveCfg = Release|Any CPU
		{1FE6824F-723D-45D1-B8F5-A1064EA5A7A1}.Release|Any CPU.Build.0 = Release|Any CPU
		{234DE802-7A34-416C-9E7F-98969B3ABFE8}.Debug|Any CPU.ActiveCfg = Debug|Any CPU
		{234DE802-7A34-416C-9E7F-98969B3ABFE8}.Debug|Any CPU.Build.0 = Debug|Any CPU
		{234DE802-7A34-416C-9E7F-98969B3ABFE8}.Release|Any CPU.ActiveCfg = Release|Any CPU
		{234DE802-7A34-416C-9E7F-98969B3ABFE8}.Release|Any CPU.Build.0 = Release|Any CPU
		{D074C9D1-CF4F-478E-856D-4F5B5F791494}.Debug|Any CPU.ActiveCfg = Debug|Any CPU
		{D074C9D1-CF4F-478E-856D-4F5B5F791494}.Debug|Any CPU.Build.0 = Debug|Any CPU
		{D074C9D1-CF4F-478E-856D-4F5B5F791494}.Release|Any CPU.ActiveCfg = Release|Any CPU
		{D074C9D1-CF4F-478E-856D-4F5B5F791494}.Release|Any CPU.Build.0 = Release|Any CPU
		{E877B46B-D8CF-4082-B881-771BCA7C80E6}.Debug|Any CPU.ActiveCfg = Debug|Any CPU
		{E877B46B-D8CF-4082-B881-771BCA7C80E6}.Debug|Any CPU.Build.0 = Debug|Any CPU
		{E877B46B-D8CF-4082-B881-771BCA7C80E6}.Release|Any CPU.ActiveCfg = Release|Any CPU
		{E877B46B-D8CF-4082-B881-771BCA7C80E6}.Release|Any CPU.Build.0 = Release|Any CPU
		{77E103B6-577A-4CCD-81CB-786E02C2B681}.Debug|Any CPU.ActiveCfg = Debug|Any CPU
		{77E103B6-577A-4CCD-81CB-786E02C2B681}.Debug|Any CPU.Build.0 = Debug|Any CPU
		{77E103B6-577A-4CCD-81CB-786E02C2B681}.Release|Any CPU.ActiveCfg = Release|Any CPU
		{77E103B6-577A-4CCD-81CB-786E02C2B681}.Release|Any CPU.Build.0 = Release|Any CPU
	EndGlobalSection
	GlobalSection(SolutionProperties) = preSolution
		HideSolutionNode = FALSE
	EndGlobalSection
	GlobalSection(NestedProjects) = preSolution
		{354D0494-4FB5-42C8-8359-C74793323C79} = {9F8AFB4F-06AF-4641-9B8F-1C35CA8B3571}
		{A99244A7-307C-47E6-8950-A546A1CA0F95} = {9F8AFB4F-06AF-4641-9B8F-1C35CA8B3571}
		{5C034F37-AEA5-48B4-ABF3-C7E4BDD447FB} = {A4311FFB-389C-466C-8122-6A570548FA0F}
		{C56C9ABB-37D3-474D-A3C5-C69E1B97BB59} = {985ADD48-1DD5-4CBA-AE6D-73EE86290A87}
		{3006C3B0-F4AC-4D12-8960-E9055702D2AC} = {985ADD48-1DD5-4CBA-AE6D-73EE86290A87}
		{D84F18C2-2AF3-458D-B2CD-A3749104F7B0} = {FB110BF9-E71D-4A7C-9237-A20C4E585E88}
		{54948664-2FC3-44F5-91D3-17E74969F23B} = {FB110BF9-E71D-4A7C-9237-A20C4E585E88}
		{B5488957-E5A6-442F-99DD-951B7EDD6EB8} = {FB110BF9-E71D-4A7C-9237-A20C4E585E88}
		{AD7C3630-D92E-4886-8FD2-353043FB8EEA} = {FB110BF9-E71D-4A7C-9237-A20C4E585E88}
		{CBBDD11E-90D0-49BE-A1BD-346AF78909D0} = {27BE7248-D935-408F-B820-16C85CE03A4C}
		{5495086B-F654-469B-97D3-DC5848D37768} = {27BE7248-D935-408F-B820-16C85CE03A4C}
		{E846387C-490D-4AB5-8AFA-0B877BF0D607} = {1E7DF3F0-9399-4248-92F8-2C76B766F8D6}
		{1FE6824F-723D-45D1-B8F5-A1064EA5A7A1} = {1E7DF3F0-9399-4248-92F8-2C76B766F8D6}
		{234DE802-7A34-416C-9E7F-98969B3ABFE8} = {1E7DF3F0-9399-4248-92F8-2C76B766F8D6}
		{D074C9D1-CF4F-478E-856D-4F5B5F791494} = {1E7DF3F0-9399-4248-92F8-2C76B766F8D6}
		{E877B46B-D8CF-4082-B881-771BCA7C80E6} = {1E7DF3F0-9399-4248-92F8-2C76B766F8D6}
		{77E103B6-577A-4CCD-81CB-786E02C2B681} = {1E7DF3F0-9399-4248-92F8-2C76B766F8D6}
		{D5B39245-DD98-496B-A6E5-761ED33EF694} = {1E7DF3F0-9399-4248-92F8-2C76B766F8D6}
	EndGlobalSection
	GlobalSection(ExtensibilityGlobals) = postSolution
		SolutionGuid = {F8B8721B-6C41-4719-A9AF-BA74CC8156EF}
	EndGlobalSection
EndGlobal
